// !$*UTF8*$!
{
	archiveVersion = 1;
	classes = {
	};
	objectVersion = 50;
	objects = {

/* Begin PBXBuildFile section */
		806810C52103DC0B00C6332F /* MapViewController.swift in Sources */ = {isa = PBXBuildFile; fileRef = 806810C42103DC0B00C6332F /* MapViewController.swift */; };
		80D4C90F20FBF3DB0038BB2C /* MapKit.framework in Frameworks */ = {isa = PBXBuildFile; fileRef = 80D4C90E20FBF3DB0038BB2C /* MapKit.framework */; };
		80DB248820F25F06000D591C /* ConversionViewController.swift in Sources */ = {isa = PBXBuildFile; fileRef = 80DB248720F25F06000D591C /* ConversionViewController.swift */; };
		80E6331920EC374C0026B966 /* AppDelegate.swift in Sources */ = {isa = PBXBuildFile; fileRef = 80E6331820EC374C0026B966 /* AppDelegate.swift */; };
		80E6331E20EC374C0026B966 /* Main.storyboard in Resources */ = {isa = PBXBuildFile; fileRef = 80E6331C20EC374C0026B966 /* Main.storyboard */; };
		80E6332020EC374D0026B966 /* Assets.xcassets in Resources */ = {isa = PBXBuildFile; fileRef = 80E6331F20EC374D0026B966 /* Assets.xcassets */; };
		80E6332320EC374D0026B966 /* LaunchScreen.storyboard in Resources */ = {isa = PBXBuildFile; fileRef = 80E6332120EC374D0026B966 /* LaunchScreen.storyboard */; };
		80E6332E20EC374D0026B966 /* WorldTrotterTests.swift in Sources */ = {isa = PBXBuildFile; fileRef = 80E6332D20EC374D0026B966 /* WorldTrotterTests.swift */; };
		80E6333920EC374D0026B966 /* WorldTrotterUITests.swift in Sources */ = {isa = PBXBuildFile; fileRef = 80E6333820EC374D0026B966 /* WorldTrotterUITests.swift */; };
/* End PBXBuildFile section */

/* Begin PBXContainerItemProxy section */
		80E6332A20EC374D0026B966 /* PBXContainerItemProxy */ = {
			isa = PBXContainerItemProxy;
			containerPortal = 80E6330D20EC374C0026B966 /* Project object */;
			proxyType = 1;
			remoteGlobalIDString = 80E6331420EC374C0026B966;
			remoteInfo = WorldTrotter;
		};
		80E6333520EC374D0026B966 /* PBXContainerItemProxy */ = {
			isa = PBXContainerItemProxy;
			containerPortal = 80E6330D20EC374C0026B966 /* Project object */;
			proxyType = 1;
			remoteGlobalIDString = 80E6331420EC374C0026B966;
			remoteInfo = WorldTrotter;
		};
/* End PBXContainerItemProxy section */

/* Begin PBXFileReference section */
		806810C42103DC0B00C6332F /* MapViewController.swift */ = {isa = PBXFileReference; lastKnownFileType = sourcecode.swift; path = MapViewController.swift; sourceTree = "<group>"; };
		80D4C90E20FBF3DB0038BB2C /* MapKit.framework */ = {isa = PBXFileReference; lastKnownFileType = wrapper.framework; name = MapKit.framework; path = System/Library/Frameworks/MapKit.framework; sourceTree = SDKROOT; };
		80DB248720F25F06000D591C /* ConversionViewController.swift */ = {isa = PBXFileReference; lastKnownFileType = sourcecode.swift; path = ConversionViewController.swift; sourceTree = "<group>"; };
		80E6331520EC374C0026B966 /* WorldTrotter.app */ = {isa = PBXFileReference; explicitFileType = wrapper.application; includeInIndex = 0; path = WorldTrotter.app; sourceTree = BUILT_PRODUCTS_DIR; };
		80E6331820EC374C0026B966 /* AppDelegate.swift */ = {isa = PBXFileReference; lastKnownFileType = sourcecode.swift; path = AppDelegate.swift; sourceTree = "<group>"; };
		80E6331D20EC374C0026B966 /* Base */ = {isa = PBXFileReference; lastKnownFileType = file.storyboard; name = Base; path = Base.lproj/Main.storyboard; sourceTree = "<group>"; };
		80E6331F20EC374D0026B966 /* Assets.xcassets */ = {isa = PBXFileReference; lastKnownFileType = folder.assetcatalog; path = Assets.xcassets; sourceTree = "<group>"; };
		80E6332220EC374D0026B966 /* Base */ = {isa = PBXFileReference; lastKnownFileType = file.storyboard; name = Base; path = Base.lproj/LaunchScreen.storyboard; sourceTree = "<group>"; };
		80E6332420EC374D0026B966 /* Info.plist */ = {isa = PBXFileReference; lastKnownFileType = text.plist.xml; path = Info.plist; sourceTree = "<group>"; };
		80E6332920EC374D0026B966 /* WorldTrotterTests.xctest */ = {isa = PBXFileReference; explicitFileType = wrapper.cfbundle; includeInIndex = 0; path = WorldTrotterTests.xctest; sourceTree = BUILT_PRODUCTS_DIR; };
		80E6332D20EC374D0026B966 /* WorldTrotterTests.swift */ = {isa = PBXFileReference; lastKnownFileType = sourcecode.swift; path = WorldTrotterTests.swift; sourceTree = "<group>"; };
		80E6332F20EC374D0026B966 /* Info.plist */ = {isa = PBXFileReference; lastKnownFileType = text.plist.xml; path = Info.plist; sourceTree = "<group>"; };
		80E6333420EC374D0026B966 /* WorldTrotterUITests.xctest */ = {isa = PBXFileReference; explicitFileType = wrapper.cfbundle; includeInIndex = 0; path = WorldTrotterUITests.xctest; sourceTree = BUILT_PRODUCTS_DIR; };
		80E6333820EC374D0026B966 /* WorldTrotterUITests.swift */ = {isa = PBXFileReference; lastKnownFileType = sourcecode.swift; path = WorldTrotterUITests.swift; sourceTree = "<group>"; };
		80E6333A20EC374D0026B966 /* Info.plist */ = {isa = PBXFileReference; lastKnownFileType = text.plist.xml; path = Info.plist; sourceTree = "<group>"; };
/* End PBXFileReference section */

/* Begin PBXFrameworksBuildPhase section */
		80E6331220EC374C0026B966 /* Frameworks */ = {
			isa = PBXFrameworksBuildPhase;
			buildActionMask = 2147483647;
			files = (
				80D4C90F20FBF3DB0038BB2C /* MapKit.framework in Frameworks */,
			);
			runOnlyForDeploymentPostprocessing = 0;
		};
		80E6332620EC374D0026B966 /* Frameworks */ = {
			isa = PBXFrameworksBuildPhase;
			buildActionMask = 2147483647;
			files = (
			);
			runOnlyForDeploymentPostprocessing = 0;
		};
		80E6333120EC374D0026B966 /* Frameworks */ = {
			isa = PBXFrameworksBuildPhase;
			buildActionMask = 2147483647;
			files = (
			);
			runOnlyForDeploymentPostprocessing = 0;
		};
/* End PBXFrameworksBuildPhase section */

/* Begin PBXGroup section */
		80D4C90D20FBF3DB0038BB2C /* Frameworks */ = {
			isa = PBXGroup;
			children = (
				80D4C90E20FBF3DB0038BB2C /* MapKit.framework */,
			);
			name = Frameworks;
			sourceTree = "<group>";
		};
		80E6330C20EC374C0026B966 = {
			isa = PBXGroup;
			children = (
				80E6331720EC374C0026B966 /* WorldTrotter */,
				80E6332C20EC374D0026B966 /* WorldTrotterTests */,
				80E6333720EC374D0026B966 /* WorldTrotterUITests */,
				80E6331620EC374C0026B966 /* Products */,
				80D4C90D20FBF3DB0038BB2C /* Frameworks */,
			);
			sourceTree = "<group>";
		};
		80E6331620EC374C0026B966 /* Products */ = {
			isa = PBXGroup;
			children = (
				80E6331520EC374C0026B966 /* WorldTrotter.app */,
				80E6332920EC374D0026B966 /* WorldTrotterTests.xctest */,
				80E6333420EC374D0026B966 /* WorldTrotterUITests.xctest */,
			);
			name = Products;
			sourceTree = "<group>";
		};
		80E6331720EC374C0026B966 /* WorldTrotter */ = {
			isa = PBXGroup;
			children = (
				80E6331820EC374C0026B966 /* AppDelegate.swift */,
				80E6331C20EC374C0026B966 /* Main.storyboard */,
				80E6331F20EC374D0026B966 /* Assets.xcassets */,
				80E6332120EC374D0026B966 /* LaunchScreen.storyboard */,
				80E6332420EC374D0026B966 /* Info.plist */,
				80DB248720F25F06000D591C /* ConversionViewController.swift */,
				806810C42103DC0B00C6332F /* MapViewController.swift */,
			);
			path = WorldTrotter;
			sourceTree = "<group>";
		};
		80E6332C20EC374D0026B966 /* WorldTrotterTests */ = {
			isa = PBXGroup;
			children = (
				80E6332D20EC374D0026B966 /* WorldTrotterTests.swift */,
				80E6332F20EC374D0026B966 /* Info.plist */,
			);
			path = WorldTrotterTests;
			sourceTree = "<group>";
		};
		80E6333720EC374D0026B966 /* WorldTrotterUITests */ = {
			isa = PBXGroup;
			children = (
				80E6333820EC374D0026B966 /* WorldTrotterUITests.swift */,
				80E6333A20EC374D0026B966 /* Info.plist */,
			);
			path = WorldTrotterUITests;
			sourceTree = "<group>";
		};
/* End PBXGroup section */

/* Begin PBXNativeTarget section */
		80E6331420EC374C0026B966 /* WorldTrotter */ = {
			isa = PBXNativeTarget;
			buildConfigurationList = 80E6333D20EC374D0026B966 /* Build configuration list for PBXNativeTarget "WorldTrotter" */;
			buildPhases = (
				80E6331120EC374C0026B966 /* Sources */,
				80E6331220EC374C0026B966 /* Frameworks */,
				80E6331320EC374C0026B966 /* Resources */,
			);
			buildRules = (
			);
			dependencies = (
			);
			name = WorldTrotter;
			productName = WorldTrotter;
			productReference = 80E6331520EC374C0026B966 /* WorldTrotter.app */;
			productType = "com.apple.product-type.application";
		};
		80E6332820EC374D0026B966 /* WorldTrotterTests */ = {
			isa = PBXNativeTarget;
			buildConfigurationList = 80E6334020EC374D0026B966 /* Build configuration list for PBXNativeTarget "WorldTrotterTests" */;
			buildPhases = (
				80E6332520EC374D0026B966 /* Sources */,
				80E6332620EC374D0026B966 /* Frameworks */,
				80E6332720EC374D0026B966 /* Resources */,
			);
			buildRules = (
			);
			dependencies = (
				80E6332B20EC374D0026B966 /* PBXTargetDependency */,
			);
			name = WorldTrotterTests;
			productName = WorldTrotterTests;
			productReference = 80E6332920EC374D0026B966 /* WorldTrotterTests.xctest */;
			productType = "com.apple.product-type.bundle.unit-test";
		};
		80E6333320EC374D0026B966 /* WorldTrotterUITests */ = {
			isa = PBXNativeTarget;
			buildConfigurationList = 80E6334320EC374D0026B966 /* Build configuration list for PBXNativeTarget "WorldTrotterUITests" */;
			buildPhases = (
				80E6333020EC374D0026B966 /* Sources */,
				80E6333120EC374D0026B966 /* Frameworks */,
				80E6333220EC374D0026B966 /* Resources */,
			);
			buildRules = (
			);
			dependencies = (
				80E6333620EC374D0026B966 /* PBXTargetDependency */,
			);
			name = WorldTrotterUITests;
			productName = WorldTrotterUITests;
			productReference = 80E6333420EC374D0026B966 /* WorldTrotterUITests.xctest */;
			productType = "com.apple.product-type.bundle.ui-testing";
		};
/* End PBXNativeTarget section */

/* Begin PBXProject section */
		80E6330D20EC374C0026B966 /* Project object */ = {
			isa = PBXProject;
			attributes = {
				LastSwiftUpdateCheck = 0940;
				LastUpgradeCheck = 0940;
				ORGANIZATIONNAME = "Alan Marin De Luna";
				TargetAttributes = {
					80E6331420EC374C0026B966 = {
						CreatedOnToolsVersion = 9.4.1;
					};
					80E6332820EC374D0026B966 = {
						CreatedOnToolsVersion = 9.4.1;
						TestTargetID = 80E6331420EC374C0026B966;
					};
					80E6333320EC374D0026B966 = {
						CreatedOnToolsVersion = 9.4.1;
						TestTargetID = 80E6331420EC374C0026B966;
					};
				};
			};
			buildConfigurationList = 80E6331020EC374C0026B966 /* Build configuration list for PBXProject "WorldTrotter" */;
			compatibilityVersion = "Xcode 9.3";
			developmentRegion = en;
			hasScannedForEncodings = 0;
			knownRegions = (
				en,
				Base,
			);
			mainGroup = 80E6330C20EC374C0026B966;
			productRefGroup = 80E6331620EC374C0026B966 /* Products */;
			projectDirPath = "";
			projectRoot = "";
			targets = (
				80E6331420EC374C0026B966 /* WorldTrotter */,
				80E6332820EC374D0026B966 /* WorldTrotterTests */,
				80E6333320EC374D0026B966 /* WorldTrotterUITests */,
			);
		};
/* End PBXProject section */

/* Begin PBXResourcesBuildPhase section */
		80E6331320EC374C0026B966 /* Resources */ = {
			isa = PBXResourcesBuildPhase;
			buildActionMask = 2147483647;
			files = (
				80E6332320EC374D0026B966 /* LaunchScreen.storyboard in Resources */,
				80E6332020EC374D0026B966 /* Assets.xcassets in Resources */,
				80E6331E20EC374C0026B966 /* Main.storyboard in Resources */,
			);
			runOnlyForDeploymentPostprocessing = 0;
		};
		80E6332720EC374D0026B966 /* Resources */ = {
			isa = PBXResourcesBuildPhase;
			buildActionMask = 2147483647;
			files = (
			);
			runOnlyForDeploymentPostprocessing = 0;
		};
		80E6333220EC374D0026B966 /* Resources */ = {
			isa = PBXResourcesBuildPhase;
			buildActionMask = 2147483647;
			files = (
			);
			runOnlyForDeploymentPostprocessing = 0;
		};
/* End PBXResourcesBuildPhase section */

/* Begin PBXSourcesBuildPhase section */
		80E6331120EC374C0026B966 /* Sources */ = {
			isa = PBXSourcesBuildPhase;
			buildActionMask = 2147483647;
			files = (
				80DB248820F25F06000D591C /* ConversionViewController.swift in Sources */,
				806810C52103DC0B00C6332F /* MapViewController.swift in Sources */,
				80E6331920EC374C0026B966 /* AppDelegate.swift in Sources */,
			);
			runOnlyForDeploymentPostprocessing = 0;
		};
		80E6332520EC374D0026B966 /* Sources */ = {
			isa = PBXSourcesBuildPhase;
			buildActionMask = 2147483647;
			files = (
				80E6332E20EC374D0026B966 /* WorldTrotterTests.swift in Sources */,
			);
			runOnlyForDeploymentPostprocessing = 0;
		};
		80E6333020EC374D0026B966 /* Sources */ = {
			isa = PBXSourcesBuildPhase;
			buildActionMask = 2147483647;
			files = (
				80E6333920EC374D0026B966 /* WorldTrotterUITests.swift in Sources */,
			);
			runOnlyForDeploymentPostprocessing = 0;
		};
/* End PBXSourcesBuildPhase section */

/* Begin PBXTargetDependency section */
		80E6332B20EC374D0026B966 /* PBXTargetDependency */ = {
			isa = PBXTargetDependency;
			target = 80E6331420EC374C0026B966 /* WorldTrotter */;
			targetProxy = 80E6332A20EC374D0026B966 /* PBXContainerItemProxy */;
		};
		80E6333620EC374D0026B966 /* PBXTargetDependency */ = {
			isa = PBXTargetDependency;
			target = 80E6331420EC374C0026B966 /* WorldTrotter */;
			targetProxy = 80E6333520EC374D0026B966 /* PBXContainerItemProxy */;
		};
/* End PBXTargetDependency section */

/* Begin PBXVariantGroup section */
		80E6331C20EC374C0026B966 /* Main.storyboard */ = {
			isa = PBXVariantGroup;
			children = (
				80E6331D20EC374C0026B966 /* Base */,
			);
			name = Main.storyboard;
			sourceTree = "<group>";
		};
		80E6332120EC374D0026B966 /* LaunchScreen.storyboard */ = {
			isa = PBXVariantGroup;
			children = (
				80E6332220EC374D0026B966 /* Base */,
			);
			name = LaunchScreen.storyboard;
			sourceTree = "<group>";
		};
/* End PBXVariantGroup section */

/* Begin XCBuildConfiguration section */
		80E6333B20EC374D0026B966 /* Debug */ = {
			isa = XCBuildConfiguration;
			buildSettings = {
				ALWAYS_SEARCH_USER_PATHS = NO;
				CLANG_ANALYZER_NONNULL = YES;
				CLANG_ANALYZER_NUMBER_OBJECT_CONVERSION = YES_AGGRESSIVE;
				CLANG_CXX_LANGUAGE_STANDARD = "gnu++14";
				CLANG_CXX_LIBRARY = "libc++";
				CLANG_ENABLE_MODULES = YES;
				CLANG_ENABLE_OBJC_ARC = YES;
				CLANG_ENABLE_OBJC_WEAK = YES;
				CLANG_WARN_BLOCK_CAPTURE_AUTORELEASING = YES;
				CLANG_WARN_BOOL_CONVERSION = YES;
				CLANG_WARN_COMMA = YES;
				CLANG_WARN_CONSTANT_CONVERSION = YES;
				CLANG_WARN_DEPRECATED_OBJC_IMPLEMENTATIONS = YES;
				CLANG_WARN_DIRECT_OBJC_ISA_USAGE = YES_ERROR;
				CLANG_WARN_DOCUMENTATION_COMMENTS = YES;
				CLANG_WARN_EMPTY_BODY = YES;
				CLANG_WARN_ENUM_CONVERSION = YES;
				CLANG_WARN_INFINITE_RECURSION = YES;
				CLANG_WARN_INT_CONVERSION = YES;
				CLANG_WARN_NON_LITERAL_NULL_CONVERSION = YES;
				CLANG_WARN_OBJC_IMPLICIT_RETAIN_SELF = YES;
				CLANG_WARN_OBJC_LITERAL_CONVERSION = YES;
				CLANG_WARN_OBJC_ROOT_CLASS = YES_ERROR;
				CLANG_WARN_RANGE_LOOP_ANALYSIS = YES;
				CLANG_WARN_STRICT_PROTOTYPES = YES;
				CLANG_WARN_SUSPICIOUS_MOVE = YES;
				CLANG_WARN_UNGUARDED_AVAILABILITY = YES_AGGRESSIVE;
				CLANG_WARN_UNREACHABLE_CODE = YES;
				CLANG_WARN__DUPLICATE_METHOD_MATCH = YES;
				CODE_SIGN_IDENTITY = "iPhone Developer";
				COPY_PHASE_STRIP = NO;
				DEBUG_INFORMATION_FORMAT = dwarf;
				ENABLE_STRICT_OBJC_MSGSEND = YES;
				ENABLE_TESTABILITY = YES;
				GCC_C_LANGUAGE_STANDARD = gnu11;
				GCC_DYNAMIC_NO_PIC = NO;
				GCC_NO_COMMON_BLOCKS = YES;
				GCC_OPTIMIZATION_LEVEL = 0;
				GCC_PREPROCESSOR_DEFINITIONS = (
					"DEBUG=1",
					"$(inherited)",
				);
				GCC_WARN_64_TO_32_BIT_CONVERSION = YES;
				GCC_WARN_ABOUT_RETURN_TYPE = YES_ERROR;
				GCC_WARN_UNDECLARED_SELECTOR = YES;
				GCC_WARN_UNINITIALIZED_AUTOS = YES_AGGRESSIVE;
				GCC_WARN_UNUSED_FUNCTION = YES;
				GCC_WARN_UNUSED_VARIABLE = YES;
				IPHONEOS_DEPLOYMENT_TARGET = 11.4;
				MTL_ENABLE_DEBUG_INFO = YES;
				ONLY_ACTIVE_ARCH = YES;
				SDKROOT = iphoneos;
				SWIFT_ACTIVE_COMPILATION_CONDITIONS = DEBUG;
				SWIFT_OPTIMIZATION_LEVEL = "-Onone";
			};
			name = Debug;
		};
		80E6333C20EC374D0026B966 /* Release */ = {
			isa = XCBuildConfiguration;
			buildSettings = {
				ALWAYS_SEARCH_USER_PATHS = NO;
				CLANG_ANALYZER_NONNULL = YES;
				CLANG_ANALYZER_NUMBER_OBJECT_CONVERSION = YES_AGGRESSIVE;
				CLANG_CXX_LANGUAGE_STANDARD = "gnu++14";
				CLANG_CXX_LIBRARY = "libc++";
				CLANG_ENABLE_MODULES = YES;
				CLANG_ENABLE_OBJC_ARC = YES;
				CLANG_ENABLE_OBJC_WEAK = YES;
				CLANG_WARN_BLOCK_CAPTURE_AUTORELEASING = YES;
				CLANG_WARN_BOOL_CONVERSION = YES;
				CLANG_WARN_COMMA = YES;
				CLANG_WARN_CONSTANT_CONVERSION = YES;
				CLANG_WARN_DEPRECATED_OBJC_IMPLEMENTATIONS = YES;
				CLANG_WARN_DIRECT_OBJC_ISA_USAGE = YES_ERROR;
				CLANG_WARN_DOCUMENTATION_COMMENTS = YES;
				CLANG_WARN_EMPTY_BODY = YES;
				CLANG_WARN_ENUM_CONVERSION = YES;
				CLANG_WARN_INFINITE_RECURSION = YES;
				CLANG_WARN_INT_CONVERSION = YES;
				CLANG_WARN_NON_LITERAL_NULL_CONVERSION = YES;
				CLANG_WARN_OBJC_IMPLICIT_RETAIN_SELF = YES;
				CLANG_WARN_OBJC_LITERAL_CONVERSION = YES;
				CLANG_WARN_OBJC_ROOT_CLASS = YES_ERROR;
				CLANG_WARN_RANGE_LOOP_ANALYSIS = YES;
				CLANG_WARN_STRICT_PROTOTYPES = YES;
				CLANG_WARN_SUSPICIOUS_MOVE = YES;
				CLANG_WARN_UNGUARDED_AVAILABILITY = YES_AGGRESSIVE;
				CLANG_WARN_UNREACHABLE_CODE = YES;
				CLANG_WARN__DUPLICATE_METHOD_MATCH = YES;
				CODE_SIGN_IDENTITY = "iPhone Developer";
				COPY_PHASE_STRIP = NO;
				DEBUG_INFORMATION_FORMAT = "dwarf-with-dsym";
				ENABLE_NS_ASSERTIONS = NO;
				ENABLE_STRICT_OBJC_MSGSEND = YES;
				GCC_C_LANGUAGE_STANDARD = gnu11;
				GCC_NO_COMMON_BLOCKS = YES;
				GCC_WARN_64_TO_32_BIT_CONVERSION = YES;
				GCC_WARN_ABOUT_RETURN_TYPE = YES_ERROR;
				GCC_WARN_UNDECLARED_SELECTOR = YES;
				GCC_WARN_UNINITIALIZED_AUTOS = YES_AGGRESSIVE;
				GCC_WARN_UNUSED_FUNCTION = YES;
				GCC_WARN_UNUSED_VARIABLE = YES;
				IPHONEOS_DEPLOYMENT_TARGET = 11.4;
				MTL_ENABLE_DEBUG_INFO = NO;
				SDKROOT = iphoneos;
				SWIFT_COMPILATION_MODE = wholemodule;
				SWIFT_OPTIMIZATION_LEVEL = "-O";
				VALIDATE_PRODUCT = YES;
			};
			name = Release;
		};
		80E6333E20EC374D0026B966 /* Debug */ = {
			isa = XCBuildConfiguration;
			buildSettings = {
				ASSETCATALOG_COMPILER_APPICON_NAME = AppIcon;
				CODE_SIGN_STYLE = Automatic;
				DEVELOPMENT_TEAM = FS583A83R2;
				INFOPLIST_FILE = WorldTrotter/Info.plist;
				LD_RUNPATH_SEARCH_PATHS = (
					"$(inherited)",
					"@executable_path/Frameworks",
				);
				PRODUCT_BUNDLE_IDENTIFIER = io.github.alanmdl.WorldTrotter;
				PRODUCT_NAME = "$(TARGET_NAME)";
				SWIFT_VERSION = 4.0;
				TARGETED_DEVICE_FAMILY = "1,2";
			};
			name = Debug;
		};
		80E6333F20EC374D0026B966 /* Release */ = {
			isa = XCBuildConfiguration;
			buildSettings = {
				ASSETCATALOG_COMPILER_APPICON_NAME = AppIcon;
				CODE_SIGN_STYLE = Automatic;
				DEVELOPMENT_TEAM = FS583A83R2;
				INFOPLIST_FILE = WorldTrotter/Info.plist;
				LD_RUNPATH_SEARCH_PATHS = (
					"$(inherited)",
					"@executable_path/Frameworks",
				);
				PRODUCT_BUNDLE_IDENTIFIER = io.github.alanmdl.WorldTrotter;
				PRODUCT_NAME = "$(TARGET_NAME)";
				SWIFT_VERSION = 4.0;
				TARGETED_DEVICE_FAMILY = "1,2";
			};
			name = Release;
		};
		80E6334120EC374D0026B966 /* Debug */ = {
			isa = XCBuildConfiguration;
			buildSettings = {
				ALWAYS_EMBED_SWIFT_STANDARD_LIBRARIES = YES;
				BUNDLE_LOADER = "$(TEST_HOST)";
				CODE_SIGN_STYLE = Automatic;
				INFOPLIST_FILE = WorldTrotterTests/Info.plist;
				LD_RUNPATH_SEARCH_PATHS = (
					"$(inherited)",
					"@executable_path/Frameworks",
					"@loader_path/Frameworks",
				);
				PRODUCT_BUNDLE_IDENTIFIER = io.github.alanmdl.WorldTrotterTests;
				PRODUCT_NAME = "$(TARGET_NAME)";
				SWIFT_VERSION = 4.0;
				TARGETED_DEVICE_FAMILY = "1,2";
				TEST_HOST = "$(BUILT_PRODUCTS_DIR)/WorldTrotter.app/WorldTrotter";
			};
			name = Debug;
		};
		80E6334220EC374D0026B966 /* Release */ = {
			isa = XCBuildConfiguration;
			buildSettings = {
				ALWAYS_EMBED_SWIFT_STANDARD_LIBRARIES = YES;
				BUNDLE_LOADER = "$(TEST_HOST)";
				CODE_SIGN_STYLE = Automatic;
				INFOPLIST_FILE = WorldTrotterTests/Info.plist;
				LD_RUNPATH_SEARCH_PATHS = (
					"$(inherited)",
					"@executable_path/Frameworks",
					"@loader_path/Frameworks",
				);
				PRODUCT_BUNDLE_IDENTIFIER = io.github.alanmdl.WorldTrotterTests;
				PRODUCT_NAME = "$(TARGET_NAME)";
				SWIFT_VERSION = 4.0;
				TARGETED_DEVICE_FAMILY = "1,2";
				TEST_HOST = "$(BUILT_PRODUCTS_DIR)/WorldTrotter.app/WorldTrotter";
			};
			name = Release;
		};
		80E6334420EC374D0026B966 /* Debug */ = {
			isa = XCBuildConfiguration;
			buildSettings = {
				ALWAYS_EMBED_SWIFT_STANDARD_LIBRARIES = YES;
				CODE_SIGN_STYLE = Automatic;
				INFOPLIST_FILE = WorldTrotterUITests/Info.plist;
				LD_RUNPATH_SEARCH_PATHS = (
					"$(inherited)",
					"@executable_path/Frameworks",
					"@loader_path/Frameworks",
				);
				PRODUCT_BUNDLE_IDENTIFIER = io.github.alanmdl.WorldTrotterUITests;
				PRODUCT_NAME = "$(TARGET_NAME)";
				SWIFT_VERSION = 4.0;
				TARGETED_DEVICE_FAMILY = "1,2";
				TEST_TARGET_NAME = WorldTrotter;
			};
			name = Debug;
		};
		80E6334520EC374D0026B966 /* Release */ = {
			isa = XCBuildConfiguration;
			buildSettings = {
				ALWAYS_EMBED_SWIFT_STANDARD_LIBRARIES = YES;
				CODE_SIGN_STYLE = Automatic;
				INFOPLIST_FILE = WorldTrotterUITests/Info.plist;
				LD_RUNPATH_SEARCH_PATHS = (
					"$(inherited)",
					"@executable_path/Frameworks",
					"@loader_path/Frameworks",
				);
				PRODUCT_BUNDLE_IDENTIFIER = io.github.alanmdl.WorldTrotterUITests;
				PRODUCT_NAME = "$(TARGET_NAME)";
				SWIFT_VERSION = 4.0;
				TARGETED_DEVICE_FAMILY = "1,2";
				TEST_TARGET_NAME = WorldTrotter;
			};
			name = Release;
		};
/* End XCBuildConfiguration section */

/* Begin XCConfigurationList section */
		80E6331020EC374C0026B966 /* Build configuration list for PBXProject "WorldTrotter" */ = {
			isa = XCConfigurationList;
			buildConfigurations = (
				80E6333B20EC374D0026B966 /* Debug */,
				80E6333C20EC374D0026B966 /* Release */,
			);
			defaultConfigurationIsVisible = 0;
			defaultConfigurationName = Release;
		};
		80E6333D20EC374D0026B966 /* Build configuration list for PBXNativeTarget "WorldTrotter" */ = {
			isa = XCConfigurationList;
			buildConfigurations = (
				80E6333E20EC374D0026B966 /* Debug */,
				80E6333F20EC374D0026B966 /* Release */,
			);
			defaultConfigurationIsVisible = 0;
			defaultConfigurationName = Release;
		};
		80E6334020EC374D0026B966 /* Build configuration list for PBXNativeTarget "WorldTrotterTests" */ = {
			isa = XCConfigurationList;
			buildConfigurations = (
				80E6334120EC374D0026B966 /* Debug */,
				80E6334220EC374D0026B966 /* Release */,
			);
			defaultConfigurationIsVisible = 0;
			defaultConfigurationName = Release;
		};
		80E6334320EC374D0026B966 /* Build configuration list for PBXNativeTarget "WorldTrotterUITests" */ = {
			isa = XCConfigurationList;
			buildConfigurations = (
				80E6334420EC374D0026B966 /* Debug */,
				80E6334520EC374D0026B966 /* Release */,
			);
			defaultConfigurationIsVisible = 0;
			defaultConfigurationName = Release;
		};
/* End XCConfigurationList section */
	};
	rootObject = 80E6330D20EC374C0026B966 /* Project object */;
}
